
Microsoft Visual Studio Solution File, Format Version 12.00
# Visual Studio Version 17
VisualStudioVersion = 17.0.31919.166
MinimumVisualStudioVersion = 10.0.40219.1
Project("{FAE04EC0-301F-11D3-BF4B-00C04F79EFBC}") = "HumanResourceList", "HumanResourceList\HumanResourceList.csproj", "{BB5D7F41-C903-415E-92AA-0DA2794D5E57}"
EndProject
Global
	GlobalSection(SolutionConfigurationPlatforms) = preSolution
		Debug|Any CPU = Debug|Any CPU
		Release|Any CPU = Release|Any CPU
	EndGlobalSection
	GlobalSection(ProjectConfigurationPlatforms) = postSolution
		{BB5D7F41-C903-415E-92AA-0DA2794D5E57}.Debug|Any CPU.ActiveCfg = Debug|Any CPU
		{BB5D7F41-C903-415E-92AA-0DA2794D5E57}.Debug|Any CPU.Build.0 = Debug|Any CPU
		{BB5D7F41-C903-415E-92AA-0DA2794D5E57}.Release|Any CPU.ActiveCfg = Release|Any CPU
		{BB5D7F41-C903-415E-92AA-0DA2794D5E57}.Release|Any CPU.Build.0 = Release|Any CPU
	EndGlobalSection
	GlobalSection(SolutionProperties) = preSolution
		HideSolutionNode = FALSE
	EndGlobalSection
	GlobalSection(ExtensibilityGlobals) = postSolution
		SolutionGuid = {35760E50-CB92-42B3-9191-E9CFBD138808}
	EndGlobalSection
EndGlobal
